
Microsoft Visual Studio Solution File, Format Version 12.00
# Visual Studio 2013
VisualStudioVersion = 12.0.40629.0
MinimumVisualStudioVersion = 10.0.40219.1
Project("{FAE04EC0-301F-11D3-BF4B-00C04F79EFBC}") = "IISDeployMVC", "IISDeployMVC\IISDeployMVC.csproj", "{46AC45E8-8A68-452B-B3D1-CA4FF486A23E}"
EndProject
Project("{FAE04EC0-301F-11D3-BF4B-00C04F79EFBC}") = "IISDeployMVC.Tests", "IISDeployMVC.Tests\IISDeployMVC.Tests.csproj", "{DD696ABD-0B4F-4C86-A5DA-08AF4608938F}"
EndProject
Global
	GlobalSection(SolutionConfigurationPlatforms) = preSolution
		Debug|Any CPU = Debug|Any CPU
		Release|Any CPU = Release|Any CPU
	EndGlobalSection
	GlobalSection(ProjectConfigurationPlatforms) = postSolution
		{46AC45E8-8A68-452B-B3D1-CA4FF486A23E}.Debug|Any CPU.ActiveCfg = Debug|Any CPU
		{46AC45E8-8A68-452B-B3D1-CA4FF486A23E}.Debug|Any CPU.Build.0 = Debug|Any CPU
		{46AC45E8-8A68-452B-B3D1-CA4FF486A23E}.Release|Any CPU.ActiveCfg = Release|Any CPU
		{46AC45E8-8A68-452B-B3D1-CA4FF486A23E}.Release|Any CPU.Build.0 = Release|Any CPU
		{DD696ABD-0B4F-4C86-A5DA-08AF4608938F}.Debug|Any CPU.ActiveCfg = Debug|Any CPU
		{DD696ABD-0B4F-4C86-A5DA-08AF4608938F}.Debug|Any CPU.Build.0 = Debug|Any CPU
		{DD696ABD-0B4F-4C86-A5DA-08AF4608938F}.Release|Any CPU.ActiveCfg = Release|Any CPU
		{DD696ABD-0B4F-4C86-A5DA-08AF4608938F}.Release|Any CPU.Build.0 = Release|Any CPU
	EndGlobalSection
	GlobalSection(SolutionProperties) = preSolution
		HideSolutionNode = FALSE
	EndGlobalSection
EndGlobal
